
Microsoft Visual Studio Solution File, Format Version 12.00
# Visual Studio Version 17
VisualStudioVersion = 17.8.34330.188
MinimumVisualStudioVersion = 10.0.40219.1
Project("{8BC9CEB8-8B4A-11D0-8D11-00A0C91BC942}") = "CPP", "tool\CPP.vcxproj", "{4B544BFF-EFF8-417A-9F6A-911C4EDB5675}"
EndProject
Project("{8BC9CEB8-8B4A-11D0-8D11-00A0C91BC942}") = "CUDA", "tool\CUDA.vcxproj", "{F9C72EA1-F42E-4640-8E03-C9AE310AAEB3}"
EndProject
Global
	GlobalSection(SolutionConfigurationPlatforms) = preSolution
		Debug|x64 = Debug|x64
		Release|x64 = Release|x64
	EndGlobalSection
	GlobalSection(ProjectConfigurationPlatforms) = postSolution
		{4B544BFF-EFF8-417A-9F6A-911C4EDB5675}.Debug|x64.ActiveCfg = Debug|x64
		{4B544BFF-EFF8-417A-9F6A-911C4EDB5675}.Debug|x64.Build.0 = Debug|x64
		{4B544BFF-EFF8-417A-9F6A-911C4EDB5675}.Release|x64.ActiveCfg = Release|x64
		{4B544BFF-EFF8-417A-9F6A-911C4EDB5675}.Release|x64.Build.0 = Release|x64
		{F9C72EA1-F42E-4640-8E03-C9AE310AAEB3}.Debug|x64.ActiveCfg = Debug|x64
		{F9C72EA1-F42E-4640-8E03-C9AE310AAEB3}.Debug|x64.Build.0 = Debug|x64
		{F9C72EA1-F42E-4640-8E03-C9AE310AAEB3}.Release|x64.ActiveCfg = Release|x64
		{F9C72EA1-F42E-4640-8E03-C9AE310AAEB3}.Release|x64.Build.0 = Release|x64
	EndGlobalSection
	GlobalSection(SolutionProperties) = preSolution
		HideSolutionNode = FALSE
	EndGlobalSection
	GlobalSection(ExtensibilityGlobals) = postSolution
		SolutionGuid = {59E3C0F7-4245-4A91-8E0A-F1CF8D15FDCA}
	EndGlobalSection
EndGlobal
