<?xml version="1.0" encoding="utf-8"?>
<Project ToolsVersion="4.0" xmlns="http://schemas.microsoft.com/developer/msbuild/2003">
  <ItemGroup>
    <Filter Include="common">
      <UniqueIdentifier>{b2fbd233-5409-44aa-923b-c93d211ed27d}</UniqueIdentifier>
    </Filter>
  </ItemGroup>
  <ItemGroup>
    <ClInclude Include="color.h" />
    <ClInclude Include="FLIP.h" />
    <ClInclude Include="image.h" />
    <ClInclude Include="tensor.h" />
    <ClInclude Include="..\common\commandline.h">
      <Filter>common</Filter>
    </ClInclude>
    <ClInclude Include="..\common\filename.h">
      <Filter>common</Filter>
    </ClInclude>
    <ClInclude Include="..\common\pooling.h">
      <Filter>common</Filter>
    </ClInclude>
    <ClInclude Include="..\common\stb_image.h">
      <Filter>common</Filter>
    </ClInclude>
    <ClInclude Include="..\common\stb_image_write.h">
      <Filter>common</Filter>
    </ClInclude>
    <ClInclude Include="..\common\tinyexr.h">
      <Filter>common</Filter>
    </ClInclude>
    <ClInclude Include="..\common\sharedflip.h">
      <Filter>common</Filter>
    </ClInclude>
    <ClInclude Include="..\common\mapMagma.h">
      <Filter>common</Filter>
    </ClInclude>
    <ClInclude Include="..\common\mapViridis.h">
      <Filter>common</Filter>
    </ClInclude>
    <ClInclude Include="flip_single_header.h" />
  </ItemGroup>
  <ItemGroup>
    <ClCompile Include="..\common\FLIP.cpp">
      <Filter>common</Filter>
    </ClCompile>
  </ItemGroup>
</Project>